<?xml version="1.0" encoding="utf-8"?>
<Project ToolsVersion="4.0" xmlns="http://schemas.microsoft.com/developer/msbuild/2003">
  <ItemGroup>
    <Filter Include="Algernon">
      <UniqueIdentifier>{1B62A3E9-072F-FEF4-3048-EC9C1C743383}</UniqueIdentifier>
    </Filter>
    <Filter Include="Algernon\Event">
      <UniqueIdentifier>{ACCB4EB4-9899-42BA-812D-B3E06D9A1E1F}</UniqueIdentifier>
    </Filter>
  </ItemGroup>
  <ItemGroup>
    <ClInclude Include="src\Algernon.h" />
    <ClInclude Include="src\Algernon\Application.h">
      <Filter>Algernon</Filter>
    </ClInclude>
    <ClInclude Include="src\Algernon\Core.h">
      <Filter>Algernon</Filter>
    </ClInclude>
    <ClInclude Include="src\Algernon\EntryPoint.h">
      <Filter>Algernon</Filter>
    </ClInclude>
    <ClInclude Include="src\Algernon\Event\ApplicationEvent.h">
      <Filter>Algernon\Event</Filter>
    </ClInclude>
    <ClInclude Include="src\Algernon\Event\Event.h">
      <Filter>Algernon\Event</Filter>
    </ClInclude>
    <ClInclude Include="src\Algernon\Event\KeyEvent.h">
      <Filter>Algernon\Event</Filter>
    </ClInclude>
    <ClInclude Include="src\Algernon\Event\MouseEvent.h">
      <Filter>Algernon\Event</Filter>
    </ClInclude>
    <ClInclude Include="src\Algernon\Log.h">
      <Filter>Algernon</Filter>
    </ClInclude>
    <ClInclude Include="src\Alpch.h" />
  </ItemGroup>
  <ItemGroup>
    <ClCompile Include="src\Algernon\Application.cpp">
      <Filter>Algernon</Filter>
    </ClCompile>
    <ClCompile Include="src\Algernon\Log.cpp">
      <Filter>Algernon</Filter>
    </ClCompile>
    <ClCompile Include="src\Alpch.cpp" />
  </ItemGroup>
</Project>